dependencies:
  espressif/mdns:
    component_hash: 57d784cbe88b55b46ec815045153d195aca368a8019bb1eba9b0eb1d7e8f2de8
    source:
      service_url: https://api.components.espressif.com/
      type: service
    version: 1.0.8
  idf:
    component_hash: null
    source:
      type: idf
    version: 5.0.0
manifest_hash: e7943fdec0b8f7060bb57cfc87f722df41d386fd057c6523405c3c92d1b2aa8a
target: esp32c3
version: 1.0.0
